// !$*UTF8*$!
{
	archiveVersion = 1;
	classes = {
	};
	objectVersion = 60;
	objects = {

/* Begin PBXBuildFile section */
		504EC30F1FED79650016851F /* Assets.xcassets in Resources */ = {isa = PBXBuildFile; fileRef = 504EC30E1FED79650016851F /* Assets.xcassets */; };
		504EC3121FED79650016851F /* LaunchScreen.storyboard in Resources */ = {isa = PBXBuildFile; fileRef = 504EC3101FED79650016851F /* LaunchScreen.storyboard */; };
		A1000001294800000000001A /* PrayerRulesApp.swift in Sources */ = {isa = PBXBuildFile; fileRef = A1000000294800000000001A /* PrayerRulesApp.swift */; };
		A1000003294800000000001A /* ContentView.swift in Sources */ = {isa = PBXBuildFile; fileRef = A1000002294800000000001A /* ContentView.swift */; };
		A1000005294800000000001A /* Theme.swift in Sources */ = {isa = PBXBuildFile; fileRef = A1000004294800000000001A /* Theme.swift */; };
		A1000007294800000000001A /* Strings.swift in Sources */ = {isa = PBXBuildFile; fileRef = A1000006294800000000001A /* Strings.swift */; };
		A1000009294800000000001A /* LanguageManager.swift in Sources */ = {isa = PBXBuildFile; fileRef = A1000008294800000000001A /* LanguageManager.swift */; };
		A100000B294800000000001A /* OrnamentView.swift in Sources */ = {isa = PBXBuildFile; fileRef = A100000A294800000000001A /* OrnamentView.swift */; };
		A100000D294800000000001A /* DividerView.swift in Sources */ = {isa = PBXBuildFile; fileRef = A100000C294800000000001A /* DividerView.swift */; };
		A100000F294800000000001A /* PsalmListItemView.swift in Sources */ = {isa = PBXBuildFile; fileRef = A100000E294800000000001A /* PsalmListItemView.swift */; };
		A1000011294800000000001A /* PsalmListView.swift in Sources */ = {isa = PBXBuildFile; fileRef = A1000010294800000000001A /* PsalmListView.swift */; };
		A1000013294800000000001A /* PsalmReaderView.swift in Sources */ = {isa = PBXBuildFile; fileRef = A1000012294800000000001A /* PsalmReaderView.swift */; };
		A1000015294800000000001A /* Kathismata.swift in Sources */ = {isa = PBXBuildFile; fileRef = A1000014294800000000001A /* Kathismata.swift */; };
		A1000017294800000000001A /* OpeningLinesSr.swift in Sources */ = {isa = PBXBuildFile; fileRef = A1000016294800000000001A /* OpeningLinesSr.swift */; };
		A1000019294800000000001A /* OpeningLinesEn.swift in Sources */ = {isa = PBXBuildFile; fileRef = A1000018294800000000001A /* OpeningLinesEn.swift */; };
		A100001B294800000000001A /* NotesSr.swift in Sources */ = {isa = PBXBuildFile; fileRef = A100001A294800000000001A /* NotesSr.swift */; };
		A100001D294800000000001A /* NotesEn.swift in Sources */ = {isa = PBXBuildFile; fileRef = A100001C294800000000001A /* NotesEn.swift */; };
		A100001F294800000000001A /* FullTextSr.swift in Sources */ = {isa = PBXBuildFile; fileRef = A100001E294800000000001A /* FullTextSr.swift */; };
		A1000021294800000000001A /* FullTextEn.swift in Sources */ = {isa = PBXBuildFile; fileRef = A1000020294800000000001A /* FullTextEn.swift */; };
/* End PBXBuildFile section */

/* Begin PBXFileReference section */
		504EC3041FED79650016851F /* App.app */ = {isa = PBXFileReference; explicitFileType = wrapper.application; includeInIndex = 0; path = App.app; sourceTree = BUILT_PRODUCTS_DIR; };
		504EC30E1FED79650016851F /* Assets.xcassets */ = {isa = PBXFileReference; lastKnownFileType = folder.assetcatalog; path = Assets.xcassets; sourceTree = "<group>"; };
		504EC3111FED79650016851F /* Base */ = {isa = PBXFileReference; lastKnownFileType = file.storyboard; name = Base; path = Base.lproj/LaunchScreen.storyboard; sourceTree = "<group>"; };
		504EC3131FED79650016851F /* Info.plist */ = {isa = PBXFileReference; lastKnownFileType = text.plist.xml; path = Info.plist; sourceTree = "<group>"; };
		A1000000294800000000001A /* PrayerRulesApp.swift */ = {isa = PBXFileReference; lastKnownFileType = sourcecode.swift; path = PrayerRulesApp.swift; sourceTree = "<group>"; };
		A1000002294800000000001A /* ContentView.swift */ = {isa = PBXFileReference; lastKnownFileType = sourcecode.swift; path = ContentView.swift; sourceTree = "<group>"; };
		A1000004294800000000001A /* Theme.swift */ = {isa = PBXFileReference; lastKnownFileType = sourcecode.swift; path = Theme.swift; sourceTree = "<group>"; };
		A1000006294800000000001A /* Strings.swift */ = {isa = PBXFileReference; lastKnownFileType = sourcecode.swift; path = Strings.swift; sourceTree = "<group>"; };
		A1000008294800000000001A /* LanguageManager.swift */ = {isa = PBXFileReference; lastKnownFileType = sourcecode.swift; path = LanguageManager.swift; sourceTree = "<group>"; };
		A100000A294800000000001A /* OrnamentView.swift */ = {isa = PBXFileReference; lastKnownFileType = sourcecode.swift; path = OrnamentView.swift; sourceTree = "<group>"; };
		A100000C294800000000001A /* DividerView.swift */ = {isa = PBXFileReference; lastKnownFileType = sourcecode.swift; path = DividerView.swift; sourceTree = "<group>"; };
		A100000E294800000000001A /* PsalmListItemView.swift */ = {isa = PBXFileReference; lastKnownFileType = sourcecode.swift; path = PsalmListItemView.swift; sourceTree = "<group>"; };
		A1000010294800000000001A /* PsalmListView.swift */ = {isa = PBXFileReference; lastKnownFileType = sourcecode.swift; path = PsalmListView.swift; sourceTree = "<group>"; };
		A1000012294800000000001A /* PsalmReaderView.swift */ = {isa = PBXFileReference; lastKnownFileType = sourcecode.swift; path = PsalmReaderView.swift; sourceTree = "<group>"; };
		A1000014294800000000001A /* Kathismata.swift */ = {isa = PBXFileReference; lastKnownFileType = sourcecode.swift; path = Kathismata.swift; sourceTree = "<group>"; };
		A1000016294800000000001A /* OpeningLinesSr.swift */ = {isa = PBXFileReference; lastKnownFileType = sourcecode.swift; path = OpeningLinesSr.swift; sourceTree = "<group>"; };
		A1000018294800000000001A /* OpeningLinesEn.swift */ = {isa = PBXFileReference; lastKnownFileType = sourcecode.swift; path = OpeningLinesEn.swift; sourceTree = "<group>"; };
		A100001A294800000000001A /* NotesSr.swift */ = {isa = PBXFileReference; lastKnownFileType = sourcecode.swift; path = NotesSr.swift; sourceTree = "<group>"; };
		A100001C294800000000001A /* NotesEn.swift */ = {isa = PBXFileReference; lastKnownFileType = sourcecode.swift; path = NotesEn.swift; sourceTree = "<group>"; };
		A100001E294800000000001A /* FullTextSr.swift */ = {isa = PBXFileReference; lastKnownFileType = sourcecode.swift; path = FullTextSr.swift; sourceTree = "<group>"; };
		A1000020294800000000001A /* FullTextEn.swift */ = {isa = PBXFileReference; lastKnownFileType = sourcecode.swift; path = FullTextEn.swift; sourceTree = "<group>"; };
/* End PBXFileReference section */

/* Begin PBXFrameworksBuildPhase section */
		504EC3011FED79650016851F /* Frameworks */ = {
			isa = PBXFrameworksBuildPhase;
			buildActionMask = 2147483647;
			files = (
			);
			runOnlyForDeploymentPostprocessing = 0;
		};
/* End PBXFrameworksBuildPhase section */

/* Begin PBXGroup section */
		504EC2FB1FED79650016851F = {
			isa = PBXGroup;
			children = (
				504EC3061FED79650016851F /* App */,
				504EC3051FED79650016851F /* Products */,
			);
			sourceTree = "<group>";
		};
		504EC3051FED79650016851F /* Products */ = {
			isa = PBXGroup;
			children = (
				504EC3041FED79650016851F /* App.app */,
			);
			name = Products;
			sourceTree = "<group>";
		};
		504EC3061FED79650016851F /* App */ = {
			isa = PBXGroup;
			children = (
				A1000000294800000000001A /* PrayerRulesApp.swift */,
				A1000022294800000000001A /* Models */,
				A1000023294800000000001A /* Views */,
				A1000024294800000000001A /* Extensions */,
				A1000025294800000000001A /* Data */,
				504EC30E1FED79650016851F /* Assets.xcassets */,
				504EC3101FED79650016851F /* LaunchScreen.storyboard */,
				504EC3131FED79650016851F /* Info.plist */,
			);
			path = App;
			sourceTree = "<group>";
		};
		A1000022294800000000001A /* Models */ = {
			isa = PBXGroup;
			children = (
				A1000006294800000000001A /* Strings.swift */,
				A1000008294800000000001A /* LanguageManager.swift */,
			);
			path = Models;
			sourceTree = "<group>";
		};
		A1000023294800000000001A /* Views */ = {
			isa = PBXGroup;
			children = (
				A1000002294800000000001A /* ContentView.swift */,
				A100000A294800000000001A /* OrnamentView.swift */,
				A100000C294800000000001A /* DividerView.swift */,
				A100000E294800000000001A /* PsalmListItemView.swift */,
				A1000010294800000000001A /* PsalmListView.swift */,
				A1000012294800000000001A /* PsalmReaderView.swift */,
			);
			path = Views;
			sourceTree = "<group>";
		};
		A1000024294800000000001A /* Extensions */ = {
			isa = PBXGroup;
			children = (
				A1000004294800000000001A /* Theme.swift */,
			);
			path = Extensions;
			sourceTree = "<group>";
		};
		A1000025294800000000001A /* Data */ = {
			isa = PBXGroup;
			children = (
				A1000014294800000000001A /* Kathismata.swift */,
				A1000016294800000000001A /* OpeningLinesSr.swift */,
				A1000018294800000000001A /* OpeningLinesEn.swift */,
				A100001A294800000000001A /* NotesSr.swift */,
				A100001C294800000000001A /* NotesEn.swift */,
				A100001E294800000000001A /* FullTextSr.swift */,
				A1000020294800000000001A /* FullTextEn.swift */,
			);
			path = Data;
			sourceTree = "<group>";
		};
/* End PBXGroup section */

/* Begin PBXNativeTarget section */
		504EC3031FED79650016851F /* App */ = {
			isa = PBXNativeTarget;
			buildConfigurationList = 504EC3161FED79650016851F /* Build configuration list for PBXNativeTarget "App" */;
			buildPhases = (
				504EC3001FED79650016851F /* Sources */,
				504EC3011FED79650016851F /* Frameworks */,
				504EC3021FED79650016851F /* Resources */,
			);
			buildRules = (
			);
			dependencies = (
			);
			name = App;
			productName = App;
			productReference = 504EC3041FED79650016851F /* App.app */;
			productType = "com.apple.product-type.application";
		};
/* End PBXNativeTarget section */

/* Begin PBXProject section */
		504EC2FC1FED79650016851F /* Project object */ = {
			isa = PBXProject;
			attributes = {
				LastSwiftUpdateCheck = 1500;
				LastUpgradeCheck = 1500;
				TargetAttributes = {
					504EC3031FED79650016851F = {
						CreatedOnToolsVersion = 9.2;
						LastSwiftMigration = 1500;
						ProvisioningStyle = Automatic;
					};
				};
			};
			buildConfigurationList = 504EC2FF1FED79650016851F /* Build configuration list for PBXProject "App" */;
			compatibilityVersion = "Xcode 8.0";
			developmentRegion = en;
			hasScannedForEncodings = 0;
			knownRegions = (
				en,
				Base,
			);
			mainGroup = 504EC2FB1FED79650016851F;
			productRefGroup = 504EC3051FED79650016851F /* Products */;
			projectDirPath = "";
			projectRoot = "";
			targets = (
				504EC3031FED79650016851F /* App */,
			);
		};
/* End PBXProject section */

/* Begin PBXResourcesBuildPhase section */
		504EC3021FED79650016851F /* Resources */ = {
			isa = PBXResourcesBuildPhase;
			buildActionMask = 2147483647;
			files = (
				504EC3121FED79650016851F /* LaunchScreen.storyboard in Resources */,
				504EC30F1FED79650016851F /* Assets.xcassets in Resources */,
			);
			runOnlyForDeploymentPostprocessing = 0;
		};
/* End PBXResourcesBuildPhase section */

/* Begin PBXSourcesBuildPhase section */
		504EC3001FED79650016851F /* Sources */ = {
			isa = PBXSourcesBuildPhase;
			buildActionMask = 2147483647;
			files = (
				A1000001294800000000001A /* PrayerRulesApp.swift in Sources */,
				A1000003294800000000001A /* ContentView.swift in Sources */,
				A1000005294800000000001A /* Theme.swift in Sources */,
				A1000007294800000000001A /* Strings.swift in Sources */,
				A1000009294800000000001A /* LanguageManager.swift in Sources */,
				A100000B294800000000001A /* OrnamentView.swift in Sources */,
				A100000D294800000000001A /* DividerView.swift in Sources */,
				A100000F294800000000001A /* PsalmListItemView.swift in Sources */,
				A1000011294800000000001A /* PsalmListView.swift in Sources */,
				A1000013294800000000001A /* PsalmReaderView.swift in Sources */,
				A1000015294800000000001A /* Kathismata.swift in Sources */,
				A1000017294800000000001A /* OpeningLinesSr.swift in Sources */,
				A1000019294800000000001A /* OpeningLinesEn.swift in Sources */,
				A100001B294800000000001A /* NotesSr.swift in Sources */,
				A100001D294800000000001A /* NotesEn.swift in Sources */,
				A100001F294800000000001A /* FullTextSr.swift in Sources */,
				A1000021294800000000001A /* FullTextEn.swift in Sources */,
			);
			runOnlyForDeploymentPostprocessing = 0;
		};
/* End PBXSourcesBuildPhase section */

/* Begin PBXVariantGroup section */
		504EC3101FED79650016851F /* LaunchScreen.storyboard */ = {
			isa = PBXVariantGroup;
			children = (
				504EC3111FED79650016851F /* Base */,
			);
			name = LaunchScreen.storyboard;
			sourceTree = "<group>";
		};
/* End PBXVariantGroup section */

/* Begin XCBuildConfiguration section */
		504EC3141FED79650016851F /* Debug */ = {
			isa = XCBuildConfiguration;
			buildSettings = {
				ALWAYS_SEARCH_USER_PATHS = NO;
				CLANG_ANALYZER_NONNULL = YES;
				CLANG_ANALYZER_NUMBER_OBJECT_CONVERSION = YES_AGGRESSIVE;
				CLANG_CXX_LANGUAGE_STANDARD = "gnu++14";
				CLANG_CXX_LIBRARY = "libc++";
				CLANG_ENABLE_MODULES = YES;
				CLANG_ENABLE_OBJC_ARC = YES;
				CLANG_WARN_BLOCK_CAPTURE_AUTORELEASING = YES;
				CLANG_WARN_BOOL_CONVERSION = YES;
				CLANG_WARN_COMMA = YES;
				CLANG_WARN_CONSTANT_CONVERSION = YES;
				CLANG_WARN_DIRECT_OBJC_ISA_USAGE = YES_ERROR;
				CLANG_WARN_DOCUMENTATION_COMMENTS = YES;
				CLANG_WARN_EMPTY_BODY = YES;
				CLANG_WARN_ENUM_CONVERSION = YES;
				CLANG_WARN_INFINITE_RECURSION = YES;
				CLANG_WARN_INT_CONVERSION = YES;
				CLANG_WARN_NON_LITERAL_NULL_CONVERSION = YES;
				CLANG_WARN_OBJC_LITERAL_CONVERSION = YES;
				CLANG_WARN_OBJC_ROOT_CLASS = YES_ERROR;
				CLANG_WARN_RANGE_LOOP_ANALYSIS = YES;
				CLANG_WARN_STRICT_PROTOTYPES = YES;
				CLANG_WARN_SUSPICIOUS_MOVE = YES;
				CLANG_WARN_UNGUARDED_AVAILABILITY = YES_AGGRESSIVE;
				CLANG_WARN_UNREACHABLE_CODE = YES;
				CLANG_WARN__DUPLICATE_METHOD_MATCH = YES;
				CODE_SIGN_IDENTITY = "iPhone Developer";
				COPY_PHASE_STRIP = NO;
				DEBUG_INFORMATION_FORMAT = dwarf;
				ENABLE_STRICT_OBJC_MSGSEND = YES;
				ENABLE_TESTABILITY = YES;
				GCC_C_LANGUAGE_STANDARD = gnu11;
				GCC_DYNAMIC_NO_PIC = NO;
				GCC_NO_COMMON_BLOCKS = YES;
				GCC_OPTIMIZATION_LEVEL = 0;
				GCC_PREPROCESSOR_DEFINITIONS = (
					"DEBUG=1",
					"$(inherited)",
				);
				GCC_WARN_64_TO_32_BIT_CONVERSION = YES;
				GCC_WARN_ABOUT_RETURN_TYPE = YES_ERROR;
				GCC_WARN_UNDECLARED_SELECTOR = YES;
				GCC_WARN_UNINITIALIZED_AUTOS = YES_AGGRESSIVE;
				GCC_WARN_UNUSED_FUNCTION = YES;
				GCC_WARN_UNUSED_VARIABLE = YES;
				IPHONEOS_DEPLOYMENT_TARGET = 15.0;
				MTL_ENABLE_DEBUG_INFO = YES;
				ONLY_ACTIVE_ARCH = YES;
				SDKROOT = iphoneos;
				SWIFT_ACTIVE_COMPILATION_CONDITIONS = DEBUG;
				SWIFT_OPTIMIZATION_LEVEL = "-Onone";
			};
			name = Debug;
		};
		504EC3151FED79650016851F /* Release */ = {
			isa = XCBuildConfiguration;
			buildSettings = {
				ALWAYS_SEARCH_USER_PATHS = NO;
				CLANG_ANALYZER_NONNULL = YES;
				CLANG_ANALYZER_NUMBER_OBJECT_CONVERSION = YES_AGGRESSIVE;
				CLANG_CXX_LANGUAGE_STANDARD = "gnu++14";
				CLANG_CXX_LIBRARY = "libc++";
				CLANG_ENABLE_MODULES = YES;
				CLANG_ENABLE_OBJC_ARC = YES;
				CLANG_WARN_BLOCK_CAPTURE_AUTORELEASING = YES;
				CLANG_WARN_BOOL_CONVERSION = YES;
				CLANG_WARN_COMMA = YES;
				CLANG_WARN_CONSTANT_CONVERSION = YES;
				CLANG_WARN_DIRECT_OBJC_ISA_USAGE = YES_ERROR;
				CLANG_WARN_DOCUMENTATION_COMMENTS = YES;
				CLANG_WARN_EMPTY_BODY = YES;
				CLANG_WARN_ENUM_CONVERSION = YES;
				CLANG_WARN_INFINITE_RECURSION = YES;
				CLANG_WARN_INT_CONVERSION = YES;
				CLANG_WARN_NON_LITERAL_NULL_CONVERSION = YES;
				CLANG_WARN_OBJC_LITERAL_CONVERSION = YES;
				CLANG_WARN_OBJC_ROOT_CLASS = YES_ERROR;
				CLANG_WARN_RANGE_LOOP_ANALYSIS = YES;
				CLANG_WARN_STRICT_PROTOTYPES = YES;
				CLANG_WARN_SUSPICIOUS_MOVE = YES;
				CLANG_WARN_UNGUARDED_AVAILABILITY = YES_AGGRESSIVE;
				CLANG_WARN_UNREACHABLE_CODE = YES;
				CLANG_WARN__DUPLICATE_METHOD_MATCH = YES;
				CODE_SIGN_IDENTITY = "iPhone Developer";
				COPY_PHASE_STRIP = NO;
				DEBUG_INFORMATION_FORMAT = "dwarf-with-dsym";
				ENABLE_NS_ASSERTIONS = NO;
				ENABLE_STRICT_OBJC_MSGSEND = YES;
				GCC_C_LANGUAGE_STANDARD = gnu11;
				GCC_NO_COMMON_BLOCKS = YES;
				GCC_WARN_64_TO_32_BIT_CONVERSION = YES;
				GCC_WARN_ABOUT_RETURN_TYPE = YES_ERROR;
				GCC_WARN_UNDECLARED_SELECTOR = YES;
				GCC_WARN_UNINITIALIZED_AUTOS = YES_AGGRESSIVE;
				GCC_WARN_UNUSED_FUNCTION = YES;
				GCC_WARN_UNUSED_VARIABLE = YES;
				IPHONEOS_DEPLOYMENT_TARGET = 15.0;
				MTL_ENABLE_DEBUG_INFO = NO;
				SDKROOT = iphoneos;
				SWIFT_COMPILATION_MODE = wholemodule;
				SWIFT_OPTIMIZATION_LEVEL = "-O";
				VALIDATE_PRODUCT = YES;
			};
			name = Release;
		};
		504EC3171FED79650016851F /* Debug */ = {
			isa = XCBuildConfiguration;
			buildSettings = {
				ASSETCATALOG_COMPILER_APPICON_NAME = AppIcon;
				CODE_SIGN_STYLE = Automatic;
				CURRENT_PROJECT_VERSION = 1;
				INFOPLIST_FILE = App/Info.plist;
				IPHONEOS_DEPLOYMENT_TARGET = 15.0;
				LD_RUNPATH_SEARCH_PATHS = (
					"$(inherited)",
					"@executable_path/Frameworks",
				);
				MARKETING_VERSION = 1.0;
				PRODUCT_BUNDLE_IDENTIFIER = rs.prayerrules.app;
				PRODUCT_NAME = "$(TARGET_NAME)";
				SWIFT_ACTIVE_COMPILATION_CONDITIONS = DEBUG;
				SWIFT_VERSION = 5.0;
				TARGETED_DEVICE_FAMILY = 1;
			};
			name = Debug;
		};
		504EC3181FED79650016851F /* Release */ = {
			isa = XCBuildConfiguration;
			buildSettings = {
				ASSETCATALOG_COMPILER_APPICON_NAME = AppIcon;
				CODE_SIGN_STYLE = Automatic;
				CURRENT_PROJECT_VERSION = 1;
				INFOPLIST_FILE = App/Info.plist;
				IPHONEOS_DEPLOYMENT_TARGET = 15.0;
				LD_RUNPATH_SEARCH_PATHS = (
					"$(inherited)",
					"@executable_path/Frameworks",
				);
				MARKETING_VERSION = 1.0;
				PRODUCT_BUNDLE_IDENTIFIER = rs.prayerrules.app;
				PRODUCT_NAME = "$(TARGET_NAME)";
				SWIFT_ACTIVE_COMPILATION_CONDITIONS = "";
				SWIFT_VERSION = 5.0;
				TARGETED_DEVICE_FAMILY = 1;
			};
			name = Release;
		};
/* End XCBuildConfiguration section */

/* Begin XCConfigurationList section */
		504EC2FF1FED79650016851F /* Build configuration list for PBXProject "App" */ = {
			isa = XCConfigurationList;
			buildConfigurations = (
				504EC3141FED79650016851F /* Debug */,
				504EC3151FED79650016851F /* Release */,
			);
			defaultConfigurationIsVisible = 0;
			defaultConfigurationName = Release;
		};
		504EC3161FED79650016851F /* Build configuration list for PBXNativeTarget "App" */ = {
			isa = XCConfigurationList;
			buildConfigurations = (
				504EC3171FED79650016851F /* Debug */,
				504EC3181FED79650016851F /* Release */,
			);
			defaultConfigurationIsVisible = 0;
			defaultConfigurationName = Release;
		};
/* End XCConfigurationList section */
	};
	rootObject = 504EC2FC1FED79650016851F /* Project object */;
}
